// !$*UTF8*$!
{
	archiveVersion = 1;
	classes = {
	};
	objectVersion = 50;
	objects = {

/* Begin PBXBuildFile section */
		971C040C2487A59F0004E3CC /* AppDelegate.swift in Sources */ = {isa = PBXBuildFile; fileRef = 971C040B2487A59F0004E3CC /* AppDelegate.swift */; };
		971C040E2487A59F0004E3CC /* SceneDelegate.swift in Sources */ = {isa = PBXBuildFile; fileRef = 971C040D2487A59F0004E3CC /* SceneDelegate.swift */; };
		971C04102487A59F0004E3CC /* RingProgressView.swift in Sources */ = {isa = PBXBuildFile; fileRef = 971C040F2487A59F0004E3CC /* RingProgressView.swift */; };
		971C04122487A5A00004E3CC /* Assets.xcassets in Resources */ = {isa = PBXBuildFile; fileRef = 971C04112487A5A00004E3CC /* Assets.xcassets */; };
		971C04152487A5A00004E3CC /* Preview Assets.xcassets in Resources */ = {isa = PBXBuildFile; fileRef = 971C04142487A5A00004E3CC /* Preview Assets.xcassets */; };
		971C04182487A5A00004E3CC /* LaunchScreen.storyboard in Resources */ = {isa = PBXBuildFile; fileRef = 971C04162487A5A00004E3CC /* LaunchScreen.storyboard */; };
		971C04202487A6460004E3CC /* RingView.swift in Sources */ = {isa = PBXBuildFile; fileRef = 971C041F2487A6460004E3CC /* RingView.swift */; };
/* End PBXBuildFile section */

/* Begin PBXFileReference section */
		971C04082487A59F0004E3CC /* RingProgress.app */ = {isa = PBXFileReference; explicitFileType = wrapper.application; includeInIndex = 0; path = RingProgress.app; sourceTree = BUILT_PRODUCTS_DIR; };
		971C040B2487A59F0004E3CC /* AppDelegate.swift */ = {isa = PBXFileReference; lastKnownFileType = sourcecode.swift; path = AppDelegate.swift; sourceTree = "<group>"; };
		971C040D2487A59F0004E3CC /* SceneDelegate.swift */ = {isa = PBXFileReference; lastKnownFileType = sourcecode.swift; path = SceneDelegate.swift; sourceTree = "<group>"; };
		971C040F2487A59F0004E3CC /* RingProgressView.swift */ = {isa = PBXFileReference; lastKnownFileType = sourcecode.swift; path = RingProgressView.swift; sourceTree = "<group>"; };
		971C04112487A5A00004E3CC /* Assets.xcassets */ = {isa = PBXFileReference; lastKnownFileType = folder.assetcatalog; path = Assets.xcassets; sourceTree = "<group>"; };
		971C04142487A5A00004E3CC /* Preview Assets.xcassets */ = {isa = PBXFileReference; lastKnownFileType = folder.assetcatalog; path = "Preview Assets.xcassets"; sourceTree = "<group>"; };
		971C04172487A5A00004E3CC /* Base */ = {isa = PBXFileReference; lastKnownFileType = file.storyboard; name = Base; path = Base.lproj/LaunchScreen.storyboard; sourceTree = "<group>"; };
		971C04192487A5A00004E3CC /* Info.plist */ = {isa = PBXFileReference; lastKnownFileType = text.plist.xml; path = Info.plist; sourceTree = "<group>"; };
		971C041F2487A6460004E3CC /* RingView.swift */ = {isa = PBXFileReference; lastKnownFileType = sourcecode.swift; path = RingView.swift; sourceTree = "<group>"; };
/* End PBXFileReference section */

/* Begin PBXFrameworksBuildPhase section */
		971C04052487A59F0004E3CC /* Frameworks */ = {
			isa = PBXFrameworksBuildPhase;
			buildActionMask = 2147483647;
			files = (
			);
			runOnlyForDeploymentPostprocessing = 0;
		};
/* End PBXFrameworksBuildPhase section */

/* Begin PBXGroup section */
		971C03FF2487A59F0004E3CC = {
			isa = PBXGroup;
			children = (
				971C040A2487A59F0004E3CC /* RingProgress */,
				971C04092487A59F0004E3CC /* Products */,
			);
			sourceTree = "<group>";
		};
		971C04092487A59F0004E3CC /* Products */ = {
			isa = PBXGroup;
			children = (
				971C04082487A59F0004E3CC /* RingProgress.app */,
			);
			name = Products;
			sourceTree = "<group>";
		};
		971C040A2487A59F0004E3CC /* RingProgress */ = {
			isa = PBXGroup;
			children = (
				971C040B2487A59F0004E3CC /* AppDelegate.swift */,
				971C040D2487A59F0004E3CC /* SceneDelegate.swift */,
				971C040F2487A59F0004E3CC /* RingProgressView.swift */,
				971C041F2487A6460004E3CC /* RingView.swift */,
				971C04112487A5A00004E3CC /* Assets.xcassets */,
				971C04162487A5A00004E3CC /* LaunchScreen.storyboard */,
				971C04192487A5A00004E3CC /* Info.plist */,
				971C04132487A5A00004E3CC /* Preview Content */,
			);
			path = RingProgress;
			sourceTree = "<group>";
		};
		971C04132487A5A00004E3CC /* Preview Content */ = {
			isa = PBXGroup;
			children = (
				971C04142487A5A00004E3CC /* Preview Assets.xcassets */,
			);
			path = "Preview Content";
			sourceTree = "<group>";
		};
/* End PBXGroup section */

/* Begin PBXNativeTarget section */
		971C04072487A59F0004E3CC /* RingProgress */ = {
			isa = PBXNativeTarget;
			buildConfigurationList = 971C041C2487A5A00004E3CC /* Build configuration list for PBXNativeTarget "RingProgress" */;
			buildPhases = (
				971C04042487A59F0004E3CC /* Sources */,
				971C04052487A59F0004E3CC /* Frameworks */,
				971C04062487A59F0004E3CC /* Resources */,
			);
			buildRules = (
			);
			dependencies = (
			);
			name = RingProgress;
			productName = RingProgress;
			productReference = 971C04082487A59F0004E3CC /* RingProgress.app */;
			productType = "com.apple.product-type.application";
		};
/* End PBXNativeTarget section */

/* Begin PBXProject section */
		971C04002487A59F0004E3CC /* Project object */ = {
			isa = PBXProject;
			attributes = {
				LastSwiftUpdateCheck = 1150;
				LastUpgradeCheck = 1150;
				ORGANIZATIONNAME = "Tim Isaev";
				TargetAttributes = {
					971C04072487A59F0004E3CC = {
						CreatedOnToolsVersion = 11.5;
					};
				};
			};
			buildConfigurationList = 971C04032487A59F0004E3CC /* Build configuration list for PBXProject "RingProgress" */;
			compatibilityVersion = "Xcode 9.3";
			developmentRegion = en;
			hasScannedForEncodings = 0;
			knownRegions = (
				en,
				Base,
			);
			mainGroup = 971C03FF2487A59F0004E3CC;
			productRefGroup = 971C04092487A59F0004E3CC /* Products */;
			projectDirPath = "";
			projectRoot = "";
			targets = (
				971C04072487A59F0004E3CC /* RingProgress */,
			);
		};
/* End PBXProject section */

/* Begin PBXResourcesBuildPhase section */
		971C04062487A59F0004E3CC /* Resources */ = {
			isa = PBXResourcesBuildPhase;
			buildActionMask = 2147483647;
			files = (
				971C04182487A5A00004E3CC /* LaunchScreen.storyboard in Resources */,
				971C04152487A5A00004E3CC /* Preview Assets.xcassets in Resources */,
				971C04122487A5A00004E3CC /* Assets.xcassets in Resources */,
			);
			runOnlyForDeploymentPostprocessing = 0;
		};
/* End PBXResourcesBuildPhase section */

/* Begin PBXSourcesBuildPhase section */
		971C04042487A59F0004E3CC /* Sources */ = {
			isa = PBXSourcesBuildPhase;
			buildActionMask = 2147483647;
			files = (
				971C04202487A6460004E3CC /* RingView.swift in Sources */,
				971C040C2487A59F0004E3CC /* AppDelegate.swift in Sources */,
				971C040E2487A59F0004E3CC /* SceneDelegate.swift in Sources */,
				971C04102487A59F0004E3CC /* RingProgressView.swift in Sources */,
			);
			runOnlyForDeploymentPostprocessing = 0;
		};
/* End PBXSourcesBuildPhase section */

/* Begin PBXVariantGroup section */
		971C04162487A5A00004E3CC /* LaunchScreen.storyboard */ = {
			isa = PBXVariantGroup;
			children = (
				971C04172487A5A00004E3CC /* Base */,
			);
			name = LaunchScreen.storyboard;
			sourceTree = "<group>";
		};
/* End PBXVariantGroup section */

/* Begin XCBuildConfiguration section */
		971C041A2487A5A00004E3CC /* Debug */ = {
			isa = XCBuildConfiguration;
			buildSettings = {
				ALWAYS_SEARCH_USER_PATHS = NO;
				CLANG_ANALYZER_NONNULL = YES;
				CLANG_ANALYZER_NUMBER_OBJECT_CONVERSION = YES_AGGRESSIVE;
				CLANG_CXX_LANGUAGE_STANDARD = "gnu++14";
				CLANG_CXX_LIBRARY = "libc++";
				CLANG_ENABLE_MODULES = YES;
				CLANG_ENABLE_OBJC_ARC = YES;
				CLANG_ENABLE_OBJC_WEAK = YES;
				CLANG_WARN_BLOCK_CAPTURE_AUTORELEASING = YES;
				CLANG_WARN_BOOL_CONVERSION = YES;
				CLANG_WARN_COMMA = YES;
				CLANG_WARN_CONSTANT_CONVERSION = YES;
				CLANG_WARN_DEPRECATED_OBJC_IMPLEMENTATIONS = YES;
				CLANG_WARN_DIRECT_OBJC_ISA_USAGE = YES_ERROR;
				CLANG_WARN_DOCUMENTATION_COMMENTS = YES;
				CLANG_WARN_EMPTY_BODY = YES;
				CLANG_WARN_ENUM_CONVERSION = YES;
				CLANG_WARN_INFINITE_RECURSION = YES;
				CLANG_WARN_INT_CONVERSION = YES;
				CLANG_WARN_NON_LITERAL_NULL_CONVERSION = YES;
				CLANG_WARN_OBJC_IMPLICIT_RETAIN_SELF = YES;
				CLANG_WARN_OBJC_LITERAL_CONVERSION = YES;
				CLANG_WARN_OBJC_ROOT_CLASS = YES_ERROR;
				CLANG_WARN_RANGE_LOOP_ANALYSIS = YES;
				CLANG_WARN_STRICT_PROTOTYPES = YES;
				CLANG_WARN_SUSPICIOUS_MOVE = YES;
				CLANG_WARN_UNGUARDED_AVAILABILITY = YES_AGGRESSIVE;
				CLANG_WARN_UNREACHABLE_CODE = YES;
				CLANG_WARN__DUPLICATE_METHOD_MATCH = YES;
				COPY_PHASE_STRIP = NO;
				DEBUG_INFORMATION_FORMAT = dwarf;
				ENABLE_STRICT_OBJC_MSGSEND = YES;
				ENABLE_TESTABILITY = YES;
				GCC_C_LANGUAGE_STANDARD = gnu11;
				GCC_DYNAMIC_NO_PIC = NO;
				GCC_NO_COMMON_BLOCKS = YES;
				GCC_OPTIMIZATION_LEVEL = 0;
				GCC_PREPROCESSOR_DEFINITIONS = (
					"DEBUG=1",
					"$(inherited)",
				);
				GCC_WARN_64_TO_32_BIT_CONVERSION = YES;
				GCC_WARN_ABOUT_RETURN_TYPE = YES_ERROR;
				GCC_WARN_UNDECLARED_SELECTOR = YES;
				GCC_WARN_UNINITIALIZED_AUTOS = YES_AGGRESSIVE;
				GCC_WARN_UNUSED_FUNCTION = YES;
				GCC_WARN_UNUSED_VARIABLE = YES;
				IPHONEOS_DEPLOYMENT_TARGET = 13.5;
				MTL_ENABLE_DEBUG_INFO = INCLUDE_SOURCE;
				MTL_FAST_MATH = YES;
				ONLY_ACTIVE_ARCH = YES;
				SDKROOT = iphoneos;
				SWIFT_ACTIVE_COMPILATION_CONDITIONS = DEBUG;
				SWIFT_OPTIMIZATION_LEVEL = "-Onone";
			};
			name = Debug;
		};
		971C041B2487A5A00004E3CC /* Release */ = {
			isa = XCBuildConfiguration;
			buildSettings = {
				ALWAYS_SEARCH_USER_PATHS = NO;
				CLANG_ANALYZER_NONNULL = YES;
				CLANG_ANALYZER_NUMBER_OBJECT_CONVERSION = YES_AGGRESSIVE;
				CLANG_CXX_LANGUAGE_STANDARD = "gnu++14";
				CLANG_CXX_LIBRARY = "libc++";
				CLANG_ENABLE_MODULES = YES;
				CLANG_ENABLE_OBJC_ARC = YES;
				CLANG_ENABLE_OBJC_WEAK = YES;
				CLANG_WARN_BLOCK_CAPTURE_AUTORELEASING = YES;
				CLANG_WARN_BOOL_CONVERSION = YES;
				CLANG_WARN_COMMA = YES;
				CLANG_WARN_CONSTANT_CONVERSION = YES;
				CLANG_WARN_DEPRECATED_OBJC_IMPLEMENTATIONS = YES;
				CLANG_WARN_DIRECT_OBJC_ISA_USAGE = YES_ERROR;
				CLANG_WARN_DOCUMENTATION_COMMENTS = YES;
				CLANG_WARN_EMPTY_BODY = YES;
				CLANG_WARN_ENUM_CONVERSION = YES;
				CLANG_WARN_INFINITE_RECURSION = YES;
				CLANG_WARN_INT_CONVERSION = YES;
				CLANG_WARN_NON_LITERAL_NULL_CONVERSION = YES;
				CLANG_WARN_OBJC_IMPLICIT_RETAIN_SELF = YES;
				CLANG_WARN_OBJC_LITERAL_CONVERSION = YES;
				CLANG_WARN_OBJC_ROOT_CLASS = YES_ERROR;
				CLANG_WARN_RANGE_LOOP_ANALYSIS = YES;
				CLANG_WARN_STRICT_PROTOTYPES = YES;
				CLANG_WARN_SUSPICIOUS_MOVE = YES;
				CLANG_WARN_UNGUARDED_AVAILABILITY = YES_AGGRESSIVE;
				CLANG_WARN_UNREACHABLE_CODE = YES;
				CLANG_WARN__DUPLICATE_METHOD_MATCH = YES;
				COPY_PHASE_STRIP = NO;
				DEBUG_INFORMATION_FORMAT = "dwarf-with-dsym";
				ENABLE_NS_ASSERTIONS = NO;
				ENABLE_STRICT_OBJC_MSGSEND = YES;
				GCC_C_LANGUAGE_STANDARD = gnu11;
				GCC_NO_COMMON_BLOCKS = YES;
				GCC_WARN_64_TO_32_BIT_CONVERSION = YES;
				GCC_WARN_ABOUT_RETURN_TYPE = YES_ERROR;
				GCC_WARN_UNDECLARED_SELECTOR = YES;
				GCC_WARN_UNINITIALIZED_AUTOS = YES_AGGRESSIVE;
				GCC_WARN_UNUSED_FUNCTION = YES;
				GCC_WARN_UNUSED_VARIABLE = YES;
				IPHONEOS_DEPLOYMENT_TARGET = 13.5;
				MTL_ENABLE_DEBUG_INFO = NO;
				MTL_FAST_MATH = YES;
				SDKROOT = iphoneos;
				SWIFT_COMPILATION_MODE = wholemodule;
				SWIFT_OPTIMIZATION_LEVEL = "-O";
				VALIDATE_PRODUCT = YES;
			};
			name = Release;
		};
		971C041D2487A5A00004E3CC /* Debug */ = {
			isa = XCBuildConfiguration;
			buildSettings = {
				ASSETCATALOG_COMPILER_APPICON_NAME = AppIcon;
				CODE_SIGN_STYLE = Automatic;
				DEVELOPMENT_ASSET_PATHS = "\"RingProgress/Preview Content\"";
				DEVELOPMENT_TEAM = F5PC84GW85;
				ENABLE_PREVIEWS = YES;
				INFOPLIST_FILE = RingProgress/Info.plist;
				LD_RUNPATH_SEARCH_PATHS = (
					"$(inherited)",
					"@executable_path/Frameworks",
				);
				PRODUCT_BUNDLE_IDENTIFIER = com.cleverClosure.RingProgress;
				PRODUCT_NAME = "$(TARGET_NAME)";
				SWIFT_VERSION = 5.0;
				TARGETED_DEVICE_FAMILY = "1,2";
			};
			name = Debug;
		};
		971C041E2487A5A00004E3CC /* Release */ = {
			isa = XCBuildConfiguration;
			buildSettings = {
				ASSETCATALOG_COMPILER_APPICON_NAME = AppIcon;
				CODE_SIGN_STYLE = Automatic;
				DEVELOPMENT_ASSET_PATHS = "\"RingProgress/Preview Content\"";
				DEVELOPMENT_TEAM = F5PC84GW85;
				ENABLE_PREVIEWS = YES;
				INFOPLIST_FILE = RingProgress/Info.plist;
				LD_RUNPATH_SEARCH_PATHS = (
					"$(inherited)",
					"@executable_path/Frameworks",
				);
				PRODUCT_BUNDLE_IDENTIFIER = com.cleverClosure.RingProgress;
				PRODUCT_NAME = "$(TARGET_NAME)";
				SWIFT_VERSION = 5.0;
				TARGETED_DEVICE_FAMILY = "1,2";
			};
			name = Release;
		};
/* End XCBuildConfiguration section */

/* Begin XCConfigurationList section */
		971C04032487A59F0004E3CC /* Build configuration list for PBXProject "RingProgress" */ = {
			isa = XCConfigurationList;
			buildConfigurations = (
				971C041A2487A5A00004E3CC /* Debug */,
				971C041B2487A5A00004E3CC /* Release */,
			);
			defaultConfigurationIsVisible = 0;
			defaultConfigurationName = Release;
		};
		971C041C2487A5A00004E3CC /* Build configuration list for PBXNativeTarget "RingProgress" */ = {
			isa = XCConfigurationList;
			buildConfigurations = (
				971C041D2487A5A00004E3CC /* Debug */,
				971C041E2487A5A00004E3CC /* Release */,
			);
			defaultConfigurationIsVisible = 0;
			defaultConfigurationName = Release;
		};
/* End XCConfigurationList section */
	};
	rootObject = 971C04002487A59F0004E3CC /* Project object */;
}
